// !$*UTF8*$!
{
	archiveVersion = 1;
	classes = {
	};
	objectVersion = 48;
	objects = {

/* Begin PBXAggregateTarget section */
		07089B521F21F6F400E33E32 /* FinalFramework */ = {
			isa = PBXAggregateTarget;
			buildConfigurationList = 07089B531F21F6F400E33E32 /* Build configuration list for PBXAggregateTarget "FinalFramework" */;
			buildPhases = (
				07089B561F21F79300E33E32 /* ShellScript */,
			);
			dependencies = (
			);
			name = FinalFramework;
			productName = FinalFramework;
		};
/* End PBXAggregateTarget section */

/* Begin PBXBuildFile section */
		079559441F1F4A5200BC4C79 /* DemoViewController.h in Headers */ = {isa = PBXBuildFile; fileRef = 079559411F1F4A5200BC4C79 /* DemoViewController.h */; };
		079559451F1F4A5200BC4C79 /* DemoViewController.m in Sources */ = {isa = PBXBuildFile; fileRef = 079559421F1F4A5200BC4C79 /* DemoViewController.m */; };
		079559461F1F4A5200BC4C79 /* DemoViewController.xib in Resources */ = {isa = PBXBuildFile; fileRef = 079559431F1F4A5200BC4C79 /* DemoViewController.xib */; };
		0795594A1F1F4ADC00BC4C79 /* DemoInterface.m in Sources */ = {isa = PBXBuildFile; fileRef = 079559481F1F4ADC00BC4C79 /* DemoInterface.m */; };
		079559511F1F510600BC4C79 /* DemoInterface.m in Headers */ = {isa = PBXBuildFile; fileRef = 079559481F1F4ADC00BC4C79 /* DemoInterface.m */; };
		079559521F1F510E00BC4C79 /* DemoInterface.h in Headers */ = {isa = PBXBuildFile; fileRef = 079559471F1F4ADC00BC4C79 /* DemoInterface.h */; settings = {ATTRIBUTES = (Public, ); }; };
/* End PBXBuildFile section */

/* Begin PBXFileReference section */
		079559361F1F48DE00BC4C79 /* DemoFramework.framework */ = {isa = PBXFileReference; explicitFileType = wrapper.framework; includeInIndex = 0; path = DemoFramework.framework; sourceTree = BUILT_PRODUCTS_DIR; };
		0795593A1F1F48DE00BC4C79 /* Info.plist */ = {isa = PBXFileReference; lastKnownFileType = text.plist.xml; path = Info.plist; sourceTree = "<group>"; };
		079559411F1F4A5200BC4C79 /* DemoViewController.h */ = {isa = PBXFileReference; lastKnownFileType = sourcecode.c.h; path = DemoViewController.h; sourceTree = "<group>"; };
		079559421F1F4A5200BC4C79 /* DemoViewController.m */ = {isa = PBXFileReference; lastKnownFileType = sourcecode.c.objc; path = DemoViewController.m; sourceTree = "<group>"; };
		079559431F1F4A5200BC4C79 /* DemoViewController.xib */ = {isa = PBXFileReference; lastKnownFileType = file.xib; path = DemoViewController.xib; sourceTree = "<group>"; };
		079559471F1F4ADC00BC4C79 /* DemoInterface.h */ = {isa = PBXFileReference; lastKnownFileType = sourcecode.c.h; path = DemoInterface.h; sourceTree = "<group>"; };
		079559481F1F4ADC00BC4C79 /* DemoInterface.m */ = {isa = PBXFileReference; lastKnownFileType = sourcecode.c.objc; path = DemoInterface.m; sourceTree = "<group>"; };
/* End PBXFileReference section */

/* Begin PBXFrameworksBuildPhase section */
		079559321F1F48DE00BC4C79 /* Frameworks */ = {
			isa = PBXFrameworksBuildPhase;
			buildActionMask = 2147483647;
			files = (
			);
			runOnlyForDeploymentPostprocessing = 0;
		};
/* End PBXFrameworksBuildPhase section */

/* Begin PBXGroup section */
		0795592C1F1F48DE00BC4C79 = {
			isa = PBXGroup;
			children = (
				079559381F1F48DE00BC4C79 /* DemoFramework */,
				079559371F1F48DE00BC4C79 /* Products */,
			);
			sourceTree = "<group>";
		};
		079559371F1F48DE00BC4C79 /* Products */ = {
			isa = PBXGroup;
			children = (
				079559361F1F48DE00BC4C79 /* DemoFramework.framework */,
			);
			name = Products;
			sourceTree = "<group>";
		};
		079559381F1F48DE00BC4C79 /* DemoFramework */ = {
			isa = PBXGroup;
			children = (
				0795593A1F1F48DE00BC4C79 /* Info.plist */,
				079559411F1F4A5200BC4C79 /* DemoViewController.h */,
				079559421F1F4A5200BC4C79 /* DemoViewController.m */,
				079559431F1F4A5200BC4C79 /* DemoViewController.xib */,
				079559471F1F4ADC00BC4C79 /* DemoInterface.h */,
				079559481F1F4ADC00BC4C79 /* DemoInterface.m */,
			);
			path = DemoFramework;
			sourceTree = "<group>";
		};
/* End PBXGroup section */

/* Begin PBXHeadersBuildPhase section */
		079559331F1F48DE00BC4C79 /* Headers */ = {
			isa = PBXHeadersBuildPhase;
			buildActionMask = 2147483647;
			files = (
				079559521F1F510E00BC4C79 /* DemoInterface.h in Headers */,
				079559511F1F510600BC4C79 /* DemoInterface.m in Headers */,
				079559441F1F4A5200BC4C79 /* DemoViewController.h in Headers */,
			);
			runOnlyForDeploymentPostprocessing = 0;
		};
/* End PBXHeadersBuildPhase section */

/* Begin PBXNativeTarget section */
		079559351F1F48DE00BC4C79 /* DemoFramework */ = {
			isa = PBXNativeTarget;
			buildConfigurationList = 0795593E1F1F48DE00BC4C79 /* Build configuration list for PBXNativeTarget "DemoFramework" */;
			buildPhases = (
				079559311F1F48DE00BC4C79 /* Sources */,
				079559321F1F48DE00BC4C79 /* Frameworks */,
				079559331F1F48DE00BC4C79 /* Headers */,
				079559341F1F48DE00BC4C79 /* Resources */,
			);
			buildRules = (
			);
			dependencies = (
			);
			name = DemoFramework;
			productName = DemoFramework;
			productReference = 079559361F1F48DE00BC4C79 /* DemoFramework.framework */;
			productType = "com.apple.product-type.framework";
		};
/* End PBXNativeTarget section */

/* Begin PBXProject section */
		0795592D1F1F48DE00BC4C79 /* Project object */ = {
			isa = PBXProject;
			attributes = {
				LastUpgradeCheck = 0900;
				ORGANIZATIONNAME = AIA;
				TargetAttributes = {
					07089B521F21F6F400E33E32 = {
						CreatedOnToolsVersion = 9.0;
					};
					079559351F1F48DE00BC4C79 = {
						CreatedOnToolsVersion = 9.0;
					};
				};
			};
			buildConfigurationList = 079559301F1F48DE00BC4C79 /* Build configuration list for PBXProject "DemoFramework" */;
			compatibilityVersion = "Xcode 8.0";
			developmentRegion = en;
			hasScannedForEncodings = 0;
			knownRegions = (
				en,
			);
			mainGroup = 0795592C1F1F48DE00BC4C79;
			productRefGroup = 079559371F1F48DE00BC4C79 /* Products */;
			projectDirPath = "";
			projectRoot = "";
			targets = (
				079559351F1F48DE00BC4C79 /* DemoFramework */,
				07089B521F21F6F400E33E32 /* FinalFramework */,
			);
		};
/* End PBXProject section */

/* Begin PBXResourcesBuildPhase section */
		079559341F1F48DE00BC4C79 /* Resources */ = {
			isa = PBXResourcesBuildPhase;
			buildActionMask = 2147483647;
			files = (
				079559461F1F4A5200BC4C79 /* DemoViewController.xib in Resources */,
			);
			runOnlyForDeploymentPostprocessing = 0;
		};
/* End PBXResourcesBuildPhase section */

/* Begin PBXShellScriptBuildPhase section */
		07089B561F21F79300E33E32 /* ShellScript */ = {
			isa = PBXShellScriptBuildPhase;
			buildActionMask = 2147483647;
			files = (
			);
			inputPaths = (
			);
			outputPaths = (
			);
			runOnlyForDeploymentPostprocessing = 0;
			shellPath = /bin/sh;
			shellScript = "# Sets the target folders and the finalframework product.\n# 如果工程名称和Framework的Target名称不一样的话，要自定义FMKNAME\n# 例如: FMK_NAME = \"MyFramework\"\nFMK_NAME=${PROJECT_NAME}\n# FMK_NAME = \"FinalFramework\"\n# Install dir will be the final output tothe framework.\n# The following line create it in the rootfolder of the current project.\nINSTALL_DIR=${SRCROOT}/Products/${FMK_NAME}.framework\n# Working dir will be deleted after theframework creation.\nWRK_DIR=build\nDEVICE_DIR=${WRK_DIR}/Release-iphoneos/${FMK_NAME}.framework\nSIMULATOR_DIR=${WRK_DIR}/Release-iphonesimulator/${FMK_NAME}.framework\n# -configuration ${CONFIGURATION}\n# Clean and Building both architectures.\nxcodebuild -configuration \"Release\" -target \"${FMK_NAME}\" -sdk iphoneos clean build\nxcodebuild -configuration \"Release\" -target \"${FMK_NAME}\" -sdk iphonesimulator clean build\n# Cleaning the oldest.\nif [ -d \"${INSTALL_DIR}\" ]\nthen\nrm -rf \"${INSTALL_DIR}\"\nfi\nmkdir -p \"${INSTALL_DIR}\"\ncp -R \"${DEVICE_DIR}/\" \"${INSTALL_DIR}/\"\n# Uses the Lipo Tool to merge both binaryfiles (i386 + armv6/armv7) into one Universal final product.\nlipo -create \"${DEVICE_DIR}/${FMK_NAME}\" \"${SIMULATOR_DIR}/${FMK_NAME}\" -output \"${INSTALL_DIR}/${FMK_NAME}\"\nrm -r \"${WRK_DIR}\"\nopen \"${INSTALL_DIR}\"";
		};
/* End PBXShellScriptBuildPhase section */

/* Begin PBXSourcesBuildPhase section */
		079559311F1F48DE00BC4C79 /* Sources */ = {
			isa = PBXSourcesBuildPhase;
			buildActionMask = 2147483647;
			files = (
				0795594A1F1F4ADC00BC4C79 /* DemoInterface.m in Sources */,
				079559451F1F4A5200BC4C79 /* DemoViewController.m in Sources */,
			);
			runOnlyForDeploymentPostprocessing = 0;
		};
/* End PBXSourcesBuildPhase section */

/* Begin XCBuildConfiguration section */
		07089B541F21F6F400E33E32 /* Debug */ = {
			isa = XCBuildConfiguration;
			buildSettings = {
				ONLY_ACTIVE_ARCH = NO;
				PRODUCT_NAME = "$(TARGET_NAME)";
			};
			name = Debug;
		};
		07089B551F21F6F400E33E32 /* Release */ = {
			isa = XCBuildConfiguration;
			buildSettings = {
				PRODUCT_NAME = "$(TARGET_NAME)";
			};
			name = Release;
		};
		0795593C1F1F48DE00BC4C79 /* Debug */ = {
			isa = XCBuildConfiguration;
			buildSettings = {
				ALWAYS_SEARCH_USER_PATHS = NO;
				CLANG_ANALYZER_NONNULL = YES;
				CLANG_ANALYZER_NUMBER_OBJECT_CONVERSION = YES_AGGRESSIVE;
				CLANG_CXX_LANGUAGE_STANDARD = "gnu++14";
				CLANG_CXX_LIBRARY = "libc++";
				CLANG_ENABLE_MODULES = YES;
				CLANG_ENABLE_OBJC_ARC = YES;
				CLANG_WARN_BLOCK_CAPTURE_AUTORELEASING = YES;
				CLANG_WARN_BOOL_CONVERSION = YES;
				CLANG_WARN_COMMA = YES;
				CLANG_WARN_CONSTANT_CONVERSION = YES;
				CLANG_WARN_DIRECT_OBJC_ISA_USAGE = YES_ERROR;
				CLANG_WARN_DOCUMENTATION_COMMENTS = YES;
				CLANG_WARN_EMPTY_BODY = YES;
				CLANG_WARN_ENUM_CONVERSION = YES;
				CLANG_WARN_INFINITE_RECURSION = YES;
				CLANG_WARN_INT_CONVERSION = YES;
				CLANG_WARN_OBJC_ROOT_CLASS = YES_ERROR;
				CLANG_WARN_RANGE_LOOP_ANALYSIS = YES;
				CLANG_WARN_STRICT_PROTOTYPES = YES;
				CLANG_WARN_SUSPICIOUS_MOVE = YES;
				CLANG_WARN_UNGUARDED_AVAILABILITY = YES_AGGRESSIVE;
				CLANG_WARN_UNREACHABLE_CODE = YES;
				CLANG_WARN__DUPLICATE_METHOD_MATCH = YES;
				CODE_SIGN_IDENTITY = "iPhone Developer";
				COPY_PHASE_STRIP = NO;
				CURRENT_PROJECT_VERSION = 1;
				DEAD_CODE_STRIPPING = NO;
				DEBUG_INFORMATION_FORMAT = dwarf;
				ENABLE_STRICT_OBJC_MSGSEND = YES;
				ENABLE_TESTABILITY = YES;
				GCC_C_LANGUAGE_STANDARD = gnu11;
				GCC_DYNAMIC_NO_PIC = NO;
				GCC_NO_COMMON_BLOCKS = YES;
				GCC_OPTIMIZATION_LEVEL = 0;
				GCC_PREPROCESSOR_DEFINITIONS = (
					"DEBUG=1",
					"$(inherited)",
				);
				GCC_WARN_64_TO_32_BIT_CONVERSION = YES;
				GCC_WARN_ABOUT_RETURN_TYPE = YES_ERROR;
				GCC_WARN_UNDECLARED_SELECTOR = YES;
				GCC_WARN_UNINITIALIZED_AUTOS = YES_AGGRESSIVE;
				GCC_WARN_UNUSED_FUNCTION = YES;
				GCC_WARN_UNUSED_VARIABLE = YES;
				IPHONEOS_DEPLOYMENT_TARGET = 9.0;
				LINK_WITH_STANDARD_LIBRARIES = NO;
				MACH_O_TYPE = staticlib;
				MTL_ENABLE_DEBUG_INFO = YES;
				ONLY_ACTIVE_ARCH = NO;
				SDKROOT = iphoneos;
				VERSIONING_SYSTEM = "apple-generic";
				VERSION_INFO_PREFIX = "";
			};
			name = Debug;
		};
		0795593D1F1F48DE00BC4C79 /* Release */ = {
			isa = XCBuildConfiguration;
			buildSettings = {
				ALWAYS_SEARCH_USER_PATHS = NO;
				CLANG_ANALYZER_NONNULL = YES;
				CLANG_ANALYZER_NUMBER_OBJECT_CONVERSION = YES_AGGRESSIVE;
				CLANG_CXX_LANGUAGE_STANDARD = "gnu++14";
				CLANG_CXX_LIBRARY = "libc++";
				CLANG_ENABLE_MODULES = YES;
				CLANG_ENABLE_OBJC_ARC = YES;
				CLANG_WARN_BLOCK_CAPTURE_AUTORELEASING = YES;
				CLANG_WARN_BOOL_CONVERSION = YES;
				CLANG_WARN_COMMA = YES;
				CLANG_WARN_CONSTANT_CONVERSION = YES;
				CLANG_WARN_DIRECT_OBJC_ISA_USAGE = YES_ERROR;
				CLANG_WARN_DOCUMENTATION_COMMENTS = YES;
				CLANG_WARN_EMPTY_BODY = YES;
				CLANG_WARN_ENUM_CONVERSION = YES;
				CLANG_WARN_INFINITE_RECURSION = YES;
				CLANG_WARN_INT_CONVERSION = YES;
				CLANG_WARN_OBJC_ROOT_CLASS = YES_ERROR;
				CLANG_WARN_RANGE_LOOP_ANALYSIS = YES;
				CLANG_WARN_STRICT_PROTOTYPES = YES;
				CLANG_WARN_SUSPICIOUS_MOVE = YES;
				CLANG_WARN_UNGUARDED_AVAILABILITY = YES_AGGRESSIVE;
				CLANG_WARN_UNREACHABLE_CODE = YES;
				CLANG_WARN__DUPLICATE_METHOD_MATCH = YES;
				CODE_SIGN_IDENTITY = "iPhone Developer";
				COPY_PHASE_STRIP = NO;
				CURRENT_PROJECT_VERSION = 1;
				DEAD_CODE_STRIPPING = NO;
				DEBUG_INFORMATION_FORMAT = "dwarf-with-dsym";
				ENABLE_NS_ASSERTIONS = NO;
				ENABLE_STRICT_OBJC_MSGSEND = YES;
				GCC_C_LANGUAGE_STANDARD = gnu11;
				GCC_NO_COMMON_BLOCKS = YES;
				GCC_WARN_64_TO_32_BIT_CONVERSION = YES;
				GCC_WARN_ABOUT_RETURN_TYPE = YES_ERROR;
				GCC_WARN_UNDECLARED_SELECTOR = YES;
				GCC_WARN_UNINITIALIZED_AUTOS = YES_AGGRESSIVE;
				GCC_WARN_UNUSED_FUNCTION = YES;
				GCC_WARN_UNUSED_VARIABLE = YES;
				IPHONEOS_DEPLOYMENT_TARGET = 9.0;
				LINK_WITH_STANDARD_LIBRARIES = NO;
				MACH_O_TYPE = staticlib;
				MTL_ENABLE_DEBUG_INFO = NO;
				SDKROOT = iphoneos;
				VALIDATE_PRODUCT = YES;
				VERSIONING_SYSTEM = "apple-generic";
				VERSION_INFO_PREFIX = "";
			};
			name = Release;
		};
		0795593F1F1F48DE00BC4C79 /* Debug */ = {
			isa = XCBuildConfiguration;
			buildSettings = {
				CODE_SIGN_IDENTITY = "";
				DEAD_CODE_STRIPPING = NO;
				DEFINES_MODULE = YES;
				DYLIB_COMPATIBILITY_VERSION = 1;
				DYLIB_CURRENT_VERSION = 1;
				DYLIB_INSTALL_NAME_BASE = "@rpath";
				INFOPLIST_FILE = DemoFramework/Info.plist;
				INSTALL_PATH = "$(LOCAL_LIBRARY_DIR)/Frameworks";
				LD_RUNPATH_SEARCH_PATHS = "$(inherited) @executable_path/Frameworks @loader_path/Frameworks";
				LINK_WITH_STANDARD_LIBRARIES = NO;
				MACH_O_TYPE = staticlib;
				ONLY_ACTIVE_ARCH = NO;
				PRODUCT_BUNDLE_IDENTIFIER = AIA.DemoFramework;
				PRODUCT_NAME = "$(TARGET_NAME:c99extidentifier)";
				SKIP_INSTALL = YES;
				TARGETED_DEVICE_FAMILY = "1,2";
			};
			name = Debug;
		};
		079559401F1F48DE00BC4C79 /* Release */ = {
			isa = XCBuildConfiguration;
			buildSettings = {
				CODE_SIGN_IDENTITY = "";
				DEAD_CODE_STRIPPING = NO;
				DEFINES_MODULE = YES;
				DYLIB_COMPATIBILITY_VERSION = 1;
				DYLIB_CURRENT_VERSION = 1;
				DYLIB_INSTALL_NAME_BASE = "@rpath";
				INFOPLIST_FILE = DemoFramework/Info.plist;
				INSTALL_PATH = "$(LOCAL_LIBRARY_DIR)/Frameworks";
				LD_RUNPATH_SEARCH_PATHS = "$(inherited) @executable_path/Frameworks @loader_path/Frameworks";
				LINK_WITH_STANDARD_LIBRARIES = NO;
				MACH_O_TYPE = staticlib;
				PRODUCT_BUNDLE_IDENTIFIER = AIA.DemoFramework;
				PRODUCT_NAME = "$(TARGET_NAME:c99extidentifier)";
				SKIP_INSTALL = YES;
				TARGETED_DEVICE_FAMILY = "1,2";
			};
			name = Release;
		};
/* End XCBuildConfiguration section */

/* Begin XCConfigurationList section */
		07089B531F21F6F400E33E32 /* Build configuration list for PBXAggregateTarget "FinalFramework" */ = {
			isa = XCConfigurationList;
			buildConfigurations = (
				07089B541F21F6F400E33E32 /* Debug */,
				07089B551F21F6F400E33E32 /* Release */,
			);
			defaultConfigurationIsVisible = 0;
			defaultConfigurationName = Release;
		};
		079559301F1F48DE00BC4C79 /* Build configuration list for PBXProject "DemoFramework" */ = {
			isa = XCConfigurationList;
			buildConfigurations = (
				0795593C1F1F48DE00BC4C79 /* Debug */,
				0795593D1F1F48DE00BC4C79 /* Release */,
			);
			defaultConfigurationIsVisible = 0;
			defaultConfigurationName = Release;
		};
		0795593E1F1F48DE00BC4C79 /* Build configuration list for PBXNativeTarget "DemoFramework" */ = {
			isa = XCConfigurationList;
			buildConfigurations = (
				0795593F1F1F48DE00BC4C79 /* Debug */,
				079559401F1F48DE00BC4C79 /* Release */,
			);
			defaultConfigurationIsVisible = 0;
			defaultConfigurationName = Release;
		};
/* End XCConfigurationList section */
	};
	rootObject = 0795592D1F1F48DE00BC4C79 /* Project object */;
}
